
Microsoft Visual Studio Solution File, Format Version 12.00
# Visual Studio Version 16
VisualStudioVersion = 16.0.31321.278
MinimumVisualStudioVersion = 10.0.40219.1
Project("{9A19103F-16F7-4668-BE54-9A1E7A4F7556}") = "Chip8-CIL", "Chip8-CIL\Chip8-CIL.csproj", "{273C3926-57C0-493C-B364-27D7FF37D90F}"
EndProject
Global
	GlobalSection(SolutionConfigurationPlatforms) = preSolution
		Debug|Any CPU = Debug|Any CPU
		Release|Any CPU = Release|Any CPU
	EndGlobalSection
	GlobalSection(ProjectConfigurationPlatforms) = postSolution
		{273C3926-57C0-493C-B364-27D7FF37D90F}.Debug|Any CPU.ActiveCfg = Debug|Any CPU
		{273C3926-57C0-493C-B364-27D7FF37D90F}.Debug|Any CPU.Build.0 = Debug|Any CPU
		{273C3926-57C0-493C-B364-27D7FF37D90F}.Release|Any CPU.ActiveCfg = Release|Any CPU
		{273C3926-57C0-493C-B364-27D7FF37D90F}.Release|Any CPU.Build.0 = Release|Any CPU
	EndGlobalSection
	GlobalSection(SolutionProperties) = preSolution
		HideSolutionNode = FALSE
	EndGlobalSection
	GlobalSection(ExtensibilityGlobals) = postSolution
		SolutionGuid = {512C8C44-94AA-4915-A398-9125651D968D}
	EndGlobalSection
EndGlobal
