
Microsoft Visual Studio Solution File, Format Version 12.00
# Visual Studio Version 16
VisualStudioVersion = 16.0.31321.278
MinimumVisualStudioVersion = 10.0.40219.1
Project("{FAE04EC0-301F-11D3-BF4B-00C04F79EFBC}") = "Chip8-CIL", "Chip8-CIL.csproj", "{1A2B0922-EF49-4CCA-9428-1E9C5A2F5397}"
EndProject
Global
	GlobalSection(SolutionConfigurationPlatforms) = preSolution
		Debug|Any CPU = Debug|Any CPU
		Release|Any CPU = Release|Any CPU
	EndGlobalSection
	GlobalSection(ProjectConfigurationPlatforms) = postSolution
		{1A2B0922-EF49-4CCA-9428-1E9C5A2F5397}.Debug|Any CPU.ActiveCfg = Debug|Any CPU
		{1A2B0922-EF49-4CCA-9428-1E9C5A2F5397}.Debug|Any CPU.Build.0 = Debug|Any CPU
		{1A2B0922-EF49-4CCA-9428-1E9C5A2F5397}.Release|Any CPU.ActiveCfg = Release|Any CPU
		{1A2B0922-EF49-4CCA-9428-1E9C5A2F5397}.Release|Any CPU.Build.0 = Release|Any CPU
	EndGlobalSection
	GlobalSection(SolutionProperties) = preSolution
		HideSolutionNode = FALSE
	EndGlobalSection
	GlobalSection(ExtensibilityGlobals) = postSolution
		SolutionGuid = {7A268F77-D4E7-4CF2-9406-2B522D44335C}
	EndGlobalSection
EndGlobal
